
Microsoft Visual Studio Solution File, Format Version 12.00
# Visual Studio Version 17
VisualStudioVersion = 17.0.31903.59
MinimumVisualStudioVersion = 10.0.40219.1
Project("{FAE04EC0-301F-11D3-BF4B-00C04F79EFBC}") = "Village_Test", "Village_Test\Village_Test.csproj", "{13D66E4F-305F-4758-ACD8-5F7153938C8D}"
EndProject
Global
	GlobalSection(SolutionConfigurationPlatforms) = preSolution
		Debug|Any CPU = Debug|Any CPU
		Release|Any CPU = Release|Any CPU
	EndGlobalSection
	GlobalSection(ProjectConfigurationPlatforms) = postSolution
		{13D66E4F-305F-4758-ACD8-5F7153938C8D}.Debug|Any CPU.ActiveCfg = Debug|Any CPU
		{13D66E4F-305F-4758-ACD8-5F7153938C8D}.Debug|Any CPU.Build.0 = Debug|Any CPU
		{13D66E4F-305F-4758-ACD8-5F7153938C8D}.Release|Any CPU.ActiveCfg = Release|Any CPU
		{13D66E4F-305F-4758-ACD8-5F7153938C8D}.Release|Any CPU.Build.0 = Release|Any CPU
	EndGlobalSection
	GlobalSection(SolutionProperties) = preSolution
		HideSolutionNode = FALSE
	EndGlobalSection
	GlobalSection(ExtensibilityGlobals) = postSolution
		SolutionGuid = {26BFE00E-34E4-4E16-A98E-3DC850D86E66}
	EndGlobalSection
EndGlobal
